
Microsoft Visual Studio Solution File, Format Version 12.00
# Visual Studio Version 16
VisualStudioVersion = 16.0.30907.101
MinimumVisualStudioVersion = 10.0.40219.1
Project("{9A19103F-16F7-4668-BE54-9A1E7A4F7556}") = "Thread-OS", "Thread-OS\Thread-OS.csproj", "{6E0EE38A-5E5B-48C6-98FF-5657D1B8044A}"
EndProject
Project("{FAE04EC0-301F-11D3-BF4B-00C04F79EFBC}") = "Service read file parser", "Service read file parser\Service read file parser.csproj", "{04B0091E-FEB3-48AA-970F-BDD44DBE3605}"
EndProject
Project("{FAE04EC0-301F-11D3-BF4B-00C04F79EFBC}") = "DMA", "DMA\DMA.csproj", "{980327DC-7D3B-4D93-9978-E01BE5832E5A}"
EndProject
Global
	GlobalSection(SolutionConfigurationPlatforms) = preSolution
		Debug|Any CPU = Debug|Any CPU
		Release|Any CPU = Release|Any CPU
	EndGlobalSection
	GlobalSection(ProjectConfigurationPlatforms) = postSolution
		{6E0EE38A-5E5B-48C6-98FF-5657D1B8044A}.Debug|Any CPU.ActiveCfg = Debug|Any CPU
		{6E0EE38A-5E5B-48C6-98FF-5657D1B8044A}.Debug|Any CPU.Build.0 = Debug|Any CPU
		{6E0EE38A-5E5B-48C6-98FF-5657D1B8044A}.Release|Any CPU.ActiveCfg = Release|Any CPU
		{6E0EE38A-5E5B-48C6-98FF-5657D1B8044A}.Release|Any CPU.Build.0 = Release|Any CPU
		{04B0091E-FEB3-48AA-970F-BDD44DBE3605}.Debug|Any CPU.ActiveCfg = Debug|Any CPU
		{04B0091E-FEB3-48AA-970F-BDD44DBE3605}.Debug|Any CPU.Build.0 = Debug|Any CPU
		{04B0091E-FEB3-48AA-970F-BDD44DBE3605}.Release|Any CPU.ActiveCfg = Release|Any CPU
		{04B0091E-FEB3-48AA-970F-BDD44DBE3605}.Release|Any CPU.Build.0 = Release|Any CPU
		{980327DC-7D3B-4D93-9978-E01BE5832E5A}.Debug|Any CPU.ActiveCfg = Debug|Any CPU
		{980327DC-7D3B-4D93-9978-E01BE5832E5A}.Debug|Any CPU.Build.0 = Debug|Any CPU
		{980327DC-7D3B-4D93-9978-E01BE5832E5A}.Release|Any CPU.ActiveCfg = Release|Any CPU
		{980327DC-7D3B-4D93-9978-E01BE5832E5A}.Release|Any CPU.Build.0 = Release|Any CPU
	EndGlobalSection
	GlobalSection(SolutionProperties) = preSolution
		HideSolutionNode = FALSE
	EndGlobalSection
	GlobalSection(ExtensibilityGlobals) = postSolution
		SolutionGuid = {3EA53D00-1BA4-4A94-B31C-186D24AB8284}
	EndGlobalSection
EndGlobal
